
Microsoft Visual Studio Solution File, Format Version 12.00
# Visual Studio Version 16
VisualStudioVersion = 16.0.31313.79
MinimumVisualStudioVersion = 10.0.40219.1
Project("{9A19103F-16F7-4668-BE54-9A1E7A4F7556}") = "MyWebServer", "MyWebServer\MyWebServer.csproj", "{821F2010-A6D4-4808-9C04-85A935E83AFB}"
EndProject
Project("{FAE04EC0-301F-11D3-BF4B-00C04F79EFBC}") = "MyWebServer.Server", "MyWebServer.Server\MyWebServer.Server.csproj", "{260192AF-268D-4A9F-8392-118197BA893A}"
EndProject
Global
	GlobalSection(SolutionConfigurationPlatforms) = preSolution
		Debug|Any CPU = Debug|Any CPU
		Release|Any CPU = Release|Any CPU
	EndGlobalSection
	GlobalSection(ProjectConfigurationPlatforms) = postSolution
		{821F2010-A6D4-4808-9C04-85A935E83AFB}.Debug|Any CPU.ActiveCfg = Debug|Any CPU
		{821F2010-A6D4-4808-9C04-85A935E83AFB}.Debug|Any CPU.Build.0 = Debug|Any CPU
		{821F2010-A6D4-4808-9C04-85A935E83AFB}.Release|Any CPU.ActiveCfg = Release|Any CPU
		{821F2010-A6D4-4808-9C04-85A935E83AFB}.Release|Any CPU.Build.0 = Release|Any CPU
		{260192AF-268D-4A9F-8392-118197BA893A}.Debug|Any CPU.ActiveCfg = Debug|Any CPU
		{260192AF-268D-4A9F-8392-118197BA893A}.Debug|Any CPU.Build.0 = Debug|Any CPU
		{260192AF-268D-4A9F-8392-118197BA893A}.Release|Any CPU.ActiveCfg = Release|Any CPU
		{260192AF-268D-4A9F-8392-118197BA893A}.Release|Any CPU.Build.0 = Release|Any CPU
	EndGlobalSection
	GlobalSection(SolutionProperties) = preSolution
		HideSolutionNode = FALSE
	EndGlobalSection
	GlobalSection(ExtensibilityGlobals) = postSolution
		SolutionGuid = {D7883AA3-16CD-4C43-8E35-AB06B10483A3}
	EndGlobalSection
EndGlobal
